
Microsoft Visual Studio Solution File, Format Version 12.00
# Visual Studio Version 17
VisualStudioVersion = 17.5.002.0
MinimumVisualStudioVersion = 10.0.40219.1
Project("{9A19103F-16F7-4668-BE54-9A1E7A4F7556}") = "MyHelicopterMod", "MyHelicopterMod.csproj", "{14D927A0-603E-4488-8912-FF056A047807}"
EndProject
Global
	GlobalSection(SolutionConfigurationPlatforms) = preSolution
		Debug|Any CPU = Debug|Any CPU
		Release|Any CPU = Release|Any CPU
	EndGlobalSection
	GlobalSection(ProjectConfigurationPlatforms) = postSolution
		{14D927A0-603E-4488-8912-FF056A047807}.Debug|Any CPU.ActiveCfg = Debug|Any CPU
		{14D927A0-603E-4488-8912-FF056A047807}.Debug|Any CPU.Build.0 = Debug|Any CPU
		{14D927A0-603E-4488-8912-FF056A047807}.Release|Any CPU.ActiveCfg = Release|Any CPU
		{14D927A0-603E-4488-8912-FF056A047807}.Release|Any CPU.Build.0 = Release|Any CPU
	EndGlobalSection
	GlobalSection(SolutionProperties) = preSolution
		HideSolutionNode = FALSE
	EndGlobalSection
	GlobalSection(ExtensibilityGlobals) = postSolution
		SolutionGuid = {64B1C1AA-1789-47E0-A130-BC2F6D629B87}
	EndGlobalSection
EndGlobal
